// !$*UTF8*$!
{
	archiveVersion = 1;
	classes = {
	};
	objectVersion = 48;
	objects = {

/* Begin PBXBuildFile section */
		5166C8AC1FD5F1AF00DBAD77 /* AppDelegate.m in Sources */ = {isa = PBXBuildFile; fileRef = 5166C8AB1FD5F1AF00DBAD77 /* AppDelegate.m */; };
		5166C8AF1FD5F1AF00DBAD77 /* ViewController.m in Sources */ = {isa = PBXBuildFile; fileRef = 5166C8AE1FD5F1AF00DBAD77 /* ViewController.m */; };
		5166C8B21FD5F1AF00DBAD77 /* Main.storyboard in Resources */ = {isa = PBXBuildFile; fileRef = 5166C8B01FD5F1AF00DBAD77 /* Main.storyboard */; };
		5166C8B41FD5F1AF00DBAD77 /* Assets.xcassets in Resources */ = {isa = PBXBuildFile; fileRef = 5166C8B31FD5F1AF00DBAD77 /* Assets.xcassets */; };
		5166C8B71FD5F1AF00DBAD77 /* LaunchScreen.storyboard in Resources */ = {isa = PBXBuildFile; fileRef = 5166C8B51FD5F1AF00DBAD77 /* LaunchScreen.storyboard */; };
		5166C8BA1FD5F1AF00DBAD77 /* main.m in Sources */ = {isa = PBXBuildFile; fileRef = 5166C8B91FD5F1AF00DBAD77 /* main.m */; };
		5166C8C41FD5F1AF00DBAD77 /* ArrayProjectTests.m in Sources */ = {isa = PBXBuildFile; fileRef = 5166C8C31FD5F1AF00DBAD77 /* ArrayProjectTests.m */; };
		5166C8CF1FD5F1AF00DBAD77 /* ArrayProjectUITests.m in Sources */ = {isa = PBXBuildFile; fileRef = 5166C8CE1FD5F1AF00DBAD77 /* ArrayProjectUITests.m */; };
/* End PBXBuildFile section */

/* Begin PBXContainerItemProxy section */
		5166C8C01FD5F1AF00DBAD77 /* PBXContainerItemProxy */ = {
			isa = PBXContainerItemProxy;
			containerPortal = 5166C89F1FD5F1AF00DBAD77 /* Project object */;
			proxyType = 1;
			remoteGlobalIDString = 5166C8A61FD5F1AF00DBAD77;
			remoteInfo = ArrayProject;
		};
		5166C8CB1FD5F1AF00DBAD77 /* PBXContainerItemProxy */ = {
			isa = PBXContainerItemProxy;
			containerPortal = 5166C89F1FD5F1AF00DBAD77 /* Project object */;
			proxyType = 1;
			remoteGlobalIDString = 5166C8A61FD5F1AF00DBAD77;
			remoteInfo = ArrayProject;
		};
/* End PBXContainerItemProxy section */

/* Begin PBXFileReference section */
		5166C8A71FD5F1AF00DBAD77 /* ArrayProject.app */ = {isa = PBXFileReference; explicitFileType = wrapper.application; includeInIndex = 0; path = ArrayProject.app; sourceTree = BUILT_PRODUCTS_DIR; };
		5166C8AA1FD5F1AF00DBAD77 /* AppDelegate.h */ = {isa = PBXFileReference; lastKnownFileType = sourcecode.c.h; path = AppDelegate.h; sourceTree = "<group>"; };
		5166C8AB1FD5F1AF00DBAD77 /* AppDelegate.m */ = {isa = PBXFileReference; lastKnownFileType = sourcecode.c.objc; path = AppDelegate.m; sourceTree = "<group>"; };
		5166C8AD1FD5F1AF00DBAD77 /* ViewController.h */ = {isa = PBXFileReference; lastKnownFileType = sourcecode.c.h; path = ViewController.h; sourceTree = "<group>"; };
		5166C8AE1FD5F1AF00DBAD77 /* ViewController.m */ = {isa = PBXFileReference; lastKnownFileType = sourcecode.c.objc; path = ViewController.m; sourceTree = "<group>"; };
		5166C8B11FD5F1AF00DBAD77 /* Base */ = {isa = PBXFileReference; lastKnownFileType = file.storyboard; name = Base; path = Base.lproj/Main.storyboard; sourceTree = "<group>"; };
		5166C8B31FD5F1AF00DBAD77 /* Assets.xcassets */ = {isa = PBXFileReference; lastKnownFileType = folder.assetcatalog; path = Assets.xcassets; sourceTree = "<group>"; };
		5166C8B61FD5F1AF00DBAD77 /* Base */ = {isa = PBXFileReference; lastKnownFileType = file.storyboard; name = Base; path = Base.lproj/LaunchScreen.storyboard; sourceTree = "<group>"; };
		5166C8B81FD5F1AF00DBAD77 /* Info.plist */ = {isa = PBXFileReference; lastKnownFileType = text.plist.xml; path = Info.plist; sourceTree = "<group>"; };
		5166C8B91FD5F1AF00DBAD77 /* main.m */ = {isa = PBXFileReference; lastKnownFileType = sourcecode.c.objc; path = main.m; sourceTree = "<group>"; };
		5166C8BF1FD5F1AF00DBAD77 /* ArrayProjectTests.xctest */ = {isa = PBXFileReference; explicitFileType = wrapper.cfbundle; includeInIndex = 0; path = ArrayProjectTests.xctest; sourceTree = BUILT_PRODUCTS_DIR; };
		5166C8C31FD5F1AF00DBAD77 /* ArrayProjectTests.m */ = {isa = PBXFileReference; lastKnownFileType = sourcecode.c.objc; path = ArrayProjectTests.m; sourceTree = "<group>"; };
		5166C8C51FD5F1AF00DBAD77 /* Info.plist */ = {isa = PBXFileReference; lastKnownFileType = text.plist.xml; path = Info.plist; sourceTree = "<group>"; };
		5166C8CA1FD5F1AF00DBAD77 /* ArrayProjectUITests.xctest */ = {isa = PBXFileReference; explicitFileType = wrapper.cfbundle; includeInIndex = 0; path = ArrayProjectUITests.xctest; sourceTree = BUILT_PRODUCTS_DIR; };
		5166C8CE1FD5F1AF00DBAD77 /* ArrayProjectUITests.m */ = {isa = PBXFileReference; lastKnownFileType = sourcecode.c.objc; path = ArrayProjectUITests.m; sourceTree = "<group>"; };
		5166C8D01FD5F1AF00DBAD77 /* Info.plist */ = {isa = PBXFileReference; lastKnownFileType = text.plist.xml; path = Info.plist; sourceTree = "<group>"; };
/* End PBXFileReference section */

/* Begin PBXFrameworksBuildPhase section */
		5166C8A41FD5F1AF00DBAD77 /* Frameworks */ = {
			isa = PBXFrameworksBuildPhase;
			buildActionMask = 2147483647;
			files = (
			);
			runOnlyForDeploymentPostprocessing = 0;
		};
		5166C8BC1FD5F1AF00DBAD77 /* Frameworks */ = {
			isa = PBXFrameworksBuildPhase;
			buildActionMask = 2147483647;
			files = (
			);
			runOnlyForDeploymentPostprocessing = 0;
		};
		5166C8C71FD5F1AF00DBAD77 /* Frameworks */ = {
			isa = PBXFrameworksBuildPhase;
			buildActionMask = 2147483647;
			files = (
			);
			runOnlyForDeploymentPostprocessing = 0;
		};
/* End PBXFrameworksBuildPhase section */

/* Begin PBXGroup section */
		5166C89E1FD5F1AF00DBAD77 = {
			isa = PBXGroup;
			children = (
				5166C8A91FD5F1AF00DBAD77 /* ArrayProject */,
				5166C8C21FD5F1AF00DBAD77 /* ArrayProjectTests */,
				5166C8CD1FD5F1AF00DBAD77 /* ArrayProjectUITests */,
				5166C8A81FD5F1AF00DBAD77 /* Products */,
			);
			sourceTree = "<group>";
		};
		5166C8A81FD5F1AF00DBAD77 /* Products */ = {
			isa = PBXGroup;
			children = (
				5166C8A71FD5F1AF00DBAD77 /* ArrayProject.app */,
				5166C8BF1FD5F1AF00DBAD77 /* ArrayProjectTests.xctest */,
				5166C8CA1FD5F1AF00DBAD77 /* ArrayProjectUITests.xctest */,
			);
			name = Products;
			sourceTree = "<group>";
		};
		5166C8A91FD5F1AF00DBAD77 /* ArrayProject */ = {
			isa = PBXGroup;
			children = (
				5166C8AA1FD5F1AF00DBAD77 /* AppDelegate.h */,
				5166C8AB1FD5F1AF00DBAD77 /* AppDelegate.m */,
				5166C8AD1FD5F1AF00DBAD77 /* ViewController.h */,
				5166C8AE1FD5F1AF00DBAD77 /* ViewController.m */,
				5166C8B01FD5F1AF00DBAD77 /* Main.storyboard */,
				5166C8B31FD5F1AF00DBAD77 /* Assets.xcassets */,
				5166C8B51FD5F1AF00DBAD77 /* LaunchScreen.storyboard */,
				5166C8B81FD5F1AF00DBAD77 /* Info.plist */,
				5166C8B91FD5F1AF00DBAD77 /* main.m */,
			);
			path = ArrayProject;
			sourceTree = "<group>";
		};
		5166C8C21FD5F1AF00DBAD77 /* ArrayProjectTests */ = {
			isa = PBXGroup;
			children = (
				5166C8C31FD5F1AF00DBAD77 /* ArrayProjectTests.m */,
				5166C8C51FD5F1AF00DBAD77 /* Info.plist */,
			);
			path = ArrayProjectTests;
			sourceTree = "<group>";
		};
		5166C8CD1FD5F1AF00DBAD77 /* ArrayProjectUITests */ = {
			isa = PBXGroup;
			children = (
				5166C8CE1FD5F1AF00DBAD77 /* ArrayProjectUITests.m */,
				5166C8D01FD5F1AF00DBAD77 /* Info.plist */,
			);
			path = ArrayProjectUITests;
			sourceTree = "<group>";
		};
/* End PBXGroup section */

/* Begin PBXNativeTarget section */
		5166C8A61FD5F1AF00DBAD77 /* ArrayProject */ = {
			isa = PBXNativeTarget;
			buildConfigurationList = 5166C8D31FD5F1AF00DBAD77 /* Build configuration list for PBXNativeTarget "ArrayProject" */;
			buildPhases = (
				5166C8A31FD5F1AF00DBAD77 /* Sources */,
				5166C8A41FD5F1AF00DBAD77 /* Frameworks */,
				5166C8A51FD5F1AF00DBAD77 /* Resources */,
			);
			buildRules = (
			);
			dependencies = (
			);
			name = ArrayProject;
			productName = ArrayProject;
			productReference = 5166C8A71FD5F1AF00DBAD77 /* ArrayProject.app */;
			productType = "com.apple.product-type.application";
		};
		5166C8BE1FD5F1AF00DBAD77 /* ArrayProjectTests */ = {
			isa = PBXNativeTarget;
			buildConfigurationList = 5166C8D61FD5F1AF00DBAD77 /* Build configuration list for PBXNativeTarget "ArrayProjectTests" */;
			buildPhases = (
				5166C8BB1FD5F1AF00DBAD77 /* Sources */,
				5166C8BC1FD5F1AF00DBAD77 /* Frameworks */,
				5166C8BD1FD5F1AF00DBAD77 /* Resources */,
			);
			buildRules = (
			);
			dependencies = (
				5166C8C11FD5F1AF00DBAD77 /* PBXTargetDependency */,
			);
			name = ArrayProjectTests;
			productName = ArrayProjectTests;
			productReference = 5166C8BF1FD5F1AF00DBAD77 /* ArrayProjectTests.xctest */;
			productType = "com.apple.product-type.bundle.unit-test";
		};
		5166C8C91FD5F1AF00DBAD77 /* ArrayProjectUITests */ = {
			isa = PBXNativeTarget;
			buildConfigurationList = 5166C8D91FD5F1AF00DBAD77 /* Build configuration list for PBXNativeTarget "ArrayProjectUITests" */;
			buildPhases = (
				5166C8C61FD5F1AF00DBAD77 /* Sources */,
				5166C8C71FD5F1AF00DBAD77 /* Frameworks */,
				5166C8C81FD5F1AF00DBAD77 /* Resources */,
			);
			buildRules = (
			);
			dependencies = (
				5166C8CC1FD5F1AF00DBAD77 /* PBXTargetDependency */,
			);
			name = ArrayProjectUITests;
			productName = ArrayProjectUITests;
			productReference = 5166C8CA1FD5F1AF00DBAD77 /* ArrayProjectUITests.xctest */;
			productType = "com.apple.product-type.bundle.ui-testing";
		};
/* End PBXNativeTarget section */

/* Begin PBXProject section */
		5166C89F1FD5F1AF00DBAD77 /* Project object */ = {
			isa = PBXProject;
			attributes = {
				LastUpgradeCheck = 0910;
				ORGANIZATIONNAME = "Ben Myers";
				TargetAttributes = {
					5166C8A61FD5F1AF00DBAD77 = {
						CreatedOnToolsVersion = 9.1;
						ProvisioningStyle = Automatic;
					};
					5166C8BE1FD5F1AF00DBAD77 = {
						CreatedOnToolsVersion = 9.1;
						ProvisioningStyle = Automatic;
						TestTargetID = 5166C8A61FD5F1AF00DBAD77;
					};
					5166C8C91FD5F1AF00DBAD77 = {
						CreatedOnToolsVersion = 9.1;
						ProvisioningStyle = Automatic;
						TestTargetID = 5166C8A61FD5F1AF00DBAD77;
					};
				};
			};
			buildConfigurationList = 5166C8A21FD5F1AF00DBAD77 /* Build configuration list for PBXProject "ArrayProject" */;
			compatibilityVersion = "Xcode 8.0";
			developmentRegion = en;
			hasScannedForEncodings = 0;
			knownRegions = (
				en,
				Base,
			);
			mainGroup = 5166C89E1FD5F1AF00DBAD77;
			productRefGroup = 5166C8A81FD5F1AF00DBAD77 /* Products */;
			projectDirPath = "";
			projectRoot = "";
			targets = (
				5166C8A61FD5F1AF00DBAD77 /* ArrayProject */,
				5166C8BE1FD5F1AF00DBAD77 /* ArrayProjectTests */,
				5166C8C91FD5F1AF00DBAD77 /* ArrayProjectUITests */,
			);
		};
/* End PBXProject section */

/* Begin PBXResourcesBuildPhase section */
		5166C8A51FD5F1AF00DBAD77 /* Resources */ = {
			isa = PBXResourcesBuildPhase;
			buildActionMask = 2147483647;
			files = (
				5166C8B71FD5F1AF00DBAD77 /* LaunchScreen.storyboard in Resources */,
				5166C8B41FD5F1AF00DBAD77 /* Assets.xcassets in Resources */,
				5166C8B21FD5F1AF00DBAD77 /* Main.storyboard in Resources */,
			);
			runOnlyForDeploymentPostprocessing = 0;
		};
		5166C8BD1FD5F1AF00DBAD77 /* Resources */ = {
			isa = PBXResourcesBuildPhase;
			buildActionMask = 2147483647;
			files = (
			);
			runOnlyForDeploymentPostprocessing = 0;
		};
		5166C8C81FD5F1AF00DBAD77 /* Resources */ = {
			isa = PBXResourcesBuildPhase;
			buildActionMask = 2147483647;
			files = (
			);
			runOnlyForDeploymentPostprocessing = 0;
		};
/* End PBXResourcesBuildPhase section */

/* Begin PBXSourcesBuildPhase section */
		5166C8A31FD5F1AF00DBAD77 /* Sources */ = {
			isa = PBXSourcesBuildPhase;
			buildActionMask = 2147483647;
			files = (
				5166C8AF1FD5F1AF00DBAD77 /* ViewController.m in Sources */,
				5166C8BA1FD5F1AF00DBAD77 /* main.m in Sources */,
				5166C8AC1FD5F1AF00DBAD77 /* AppDelegate.m in Sources */,
			);
			runOnlyForDeploymentPostprocessing = 0;
		};
		5166C8BB1FD5F1AF00DBAD77 /* Sources */ = {
			isa = PBXSourcesBuildPhase;
			buildActionMask = 2147483647;
			files = (
				5166C8C41FD5F1AF00DBAD77 /* ArrayProjectTests.m in Sources */,
			);
			runOnlyForDeploymentPostprocessing = 0;
		};
		5166C8C61FD5F1AF00DBAD77 /* Sources */ = {
			isa = PBXSourcesBuildPhase;
			buildActionMask = 2147483647;
			files = (
				5166C8CF1FD5F1AF00DBAD77 /* ArrayProjectUITests.m in Sources */,
			);
			runOnlyForDeploymentPostprocessing = 0;
		};
/* End PBXSourcesBuildPhase section */

/* Begin PBXTargetDependency section */
		5166C8C11FD5F1AF00DBAD77 /* PBXTargetDependency */ = {
			isa = PBXTargetDependency;
			target = 5166C8A61FD5F1AF00DBAD77 /* ArrayProject */;
			targetProxy = 5166C8C01FD5F1AF00DBAD77 /* PBXContainerItemProxy */;
		};
		5166C8CC1FD5F1AF00DBAD77 /* PBXTargetDependency */ = {
			isa = PBXTargetDependency;
			target = 5166C8A61FD5F1AF00DBAD77 /* ArrayProject */;
			targetProxy = 5166C8CB1FD5F1AF00DBAD77 /* PBXContainerItemProxy */;
		};
/* End PBXTargetDependency section */

/* Begin PBXVariantGroup section */
		5166C8B01FD5F1AF00DBAD77 /* Main.storyboard */ = {
			isa = PBXVariantGroup;
			children = (
				5166C8B11FD5F1AF00DBAD77 /* Base */,
			);
			name = Main.storyboard;
			sourceTree = "<group>";
		};
		5166C8B51FD5F1AF00DBAD77 /* LaunchScreen.storyboard */ = {
			isa = PBXVariantGroup;
			children = (
				5166C8B61FD5F1AF00DBAD77 /* Base */,
			);
			name = LaunchScreen.storyboard;
			sourceTree = "<group>";
		};
/* End PBXVariantGroup section */

/* Begin XCBuildConfiguration section */
		5166C8D11FD5F1AF00DBAD77 /* Debug */ = {
			isa = XCBuildConfiguration;
			buildSettings = {
				ALWAYS_SEARCH_USER_PATHS = NO;
				CLANG_ANALYZER_NONNULL = YES;
				CLANG_ANALYZER_NUMBER_OBJECT_CONVERSION = YES_AGGRESSIVE;
				CLANG_CXX_LANGUAGE_STANDARD = "gnu++14";
				CLANG_CXX_LIBRARY = "libc++";
				CLANG_ENABLE_MODULES = YES;
				CLANG_ENABLE_OBJC_ARC = YES;
				CLANG_WARN_BLOCK_CAPTURE_AUTORELEASING = YES;
				CLANG_WARN_BOOL_CONVERSION = YES;
				CLANG_WARN_COMMA = YES;
				CLANG_WARN_CONSTANT_CONVERSION = YES;
				CLANG_WARN_DIRECT_OBJC_ISA_USAGE = YES_ERROR;
				CLANG_WARN_DOCUMENTATION_COMMENTS = YES;
				CLANG_WARN_EMPTY_BODY = YES;
				CLANG_WARN_ENUM_CONVERSION = YES;
				CLANG_WARN_INFINITE_RECURSION = YES;
				CLANG_WARN_INT_CONVERSION = YES;
				CLANG_WARN_NON_LITERAL_NULL_CONVERSION = YES;
				CLANG_WARN_OBJC_LITERAL_CONVERSION = YES;
				CLANG_WARN_OBJC_ROOT_CLASS = YES_ERROR;
				CLANG_WARN_RANGE_LOOP_ANALYSIS = YES;
				CLANG_WARN_STRICT_PROTOTYPES = YES;
				CLANG_WARN_SUSPICIOUS_MOVE = YES;
				CLANG_WARN_UNGUARDED_AVAILABILITY = YES_AGGRESSIVE;
				CLANG_WARN_UNREACHABLE_CODE = YES;
				CLANG_WARN__DUPLICATE_METHOD_MATCH = YES;
				CODE_SIGN_IDENTITY = "iPhone Developer";
				COPY_PHASE_STRIP = NO;
				DEBUG_INFORMATION_FORMAT = dwarf;
				ENABLE_STRICT_OBJC_MSGSEND = YES;
				ENABLE_TESTABILITY = YES;
				GCC_C_LANGUAGE_STANDARD = gnu11;
				GCC_DYNAMIC_NO_PIC = NO;
				GCC_NO_COMMON_BLOCKS = YES;
				GCC_OPTIMIZATION_LEVEL = 0;
				GCC_PREPROCESSOR_DEFINITIONS = (
					"DEBUG=1",
					"$(inherited)",
				);
				GCC_WARN_64_TO_32_BIT_CONVERSION = YES;
				GCC_WARN_ABOUT_RETURN_TYPE = YES_ERROR;
				GCC_WARN_UNDECLARED_SELECTOR = YES;
				GCC_WARN_UNINITIALIZED_AUTOS = YES_AGGRESSIVE;
				GCC_WARN_UNUSED_FUNCTION = YES;
				GCC_WARN_UNUSED_VARIABLE = YES;
				IPHONEOS_DEPLOYMENT_TARGET = 11.1;
				MTL_ENABLE_DEBUG_INFO = YES;
				ONLY_ACTIVE_ARCH = YES;
				SDKROOT = iphoneos;
			};
			name = Debug;
		};
		5166C8D21FD5F1AF00DBAD77 /* Release */ = {
			isa = XCBuildConfiguration;
			buildSettings = {
				ALWAYS_SEARCH_USER_PATHS = NO;
				CLANG_ANALYZER_NONNULL = YES;
				CLANG_ANALYZER_NUMBER_OBJECT_CONVERSION = YES_AGGRESSIVE;
				CLANG_CXX_LANGUAGE_STANDARD = "gnu++14";
				CLANG_CXX_LIBRARY = "libc++";
				CLANG_ENABLE_MODULES = YES;
				CLANG_ENABLE_OBJC_ARC = YES;
				CLANG_WARN_BLOCK_CAPTURE_AUTORELEASING = YES;
				CLANG_WARN_BOOL_CONVERSION = YES;
				CLANG_WARN_COMMA = YES;
				CLANG_WARN_CONSTANT_CONVERSION = YES;
				CLANG_WARN_DIRECT_OBJC_ISA_USAGE = YES_ERROR;
				CLANG_WARN_DOCUMENTATION_COMMENTS = YES;
				CLANG_WARN_EMPTY_BODY = YES;
				CLANG_WARN_ENUM_CONVERSION = YES;
				CLANG_WARN_INFINITE_RECURSION = YES;
				CLANG_WARN_INT_CONVERSION = YES;
				CLANG_WARN_NON_LITERAL_NULL_CONVERSION = YES;
				CLANG_WARN_OBJC_LITERAL_CONVERSION = YES;
				CLANG_WARN_OBJC_ROOT_CLASS = YES_ERROR;
				CLANG_WARN_RANGE_LOOP_ANALYSIS = YES;
				CLANG_WARN_STRICT_PROTOTYPES = YES;
				CLANG_WARN_SUSPICIOUS_MOVE = YES;
				CLANG_WARN_UNGUARDED_AVAILABILITY = YES_AGGRESSIVE;
				CLANG_WARN_UNREACHABLE_CODE = YES;
				CLANG_WARN__DUPLICATE_METHOD_MATCH = YES;
				CODE_SIGN_IDENTITY = "iPhone Developer";
				COPY_PHASE_STRIP = NO;
				DEBUG_INFORMATION_FORMAT = "dwarf-with-dsym";
				ENABLE_NS_ASSERTIONS = NO;
				ENABLE_STRICT_OBJC_MSGSEND = YES;
				GCC_C_LANGUAGE_STANDARD = gnu11;
				GCC_NO_COMMON_BLOCKS = YES;
				GCC_WARN_64_TO_32_BIT_CONVERSION = YES;
				GCC_WARN_ABOUT_RETURN_TYPE = YES_ERROR;
				GCC_WARN_UNDECLARED_SELECTOR = YES;
				GCC_WARN_UNINITIALIZED_AUTOS = YES_AGGRESSIVE;
				GCC_WARN_UNUSED_FUNCTION = YES;
				GCC_WARN_UNUSED_VARIABLE = YES;
				IPHONEOS_DEPLOYMENT_TARGET = 11.1;
				MTL_ENABLE_DEBUG_INFO = NO;
				SDKROOT = iphoneos;
				VALIDATE_PRODUCT = YES;
			};
			name = Release;
		};
		5166C8D41FD5F1AF00DBAD77 /* Debug */ = {
			isa = XCBuildConfiguration;
			buildSettings = {
				ASSETCATALOG_COMPILER_APPICON_NAME = AppIcon;
				CODE_SIGN_STYLE = Automatic;
				INFOPLIST_FILE = ArrayProject/Info.plist;
				LD_RUNPATH_SEARCH_PATHS = "$(inherited) @executable_path/Frameworks";
				PRODUCT_BUNDLE_IDENTIFIER = ben.myers.ArrayProject;
				PRODUCT_NAME = "$(TARGET_NAME)";
				TARGETED_DEVICE_FAMILY = "1,2";
			};
			name = Debug;
		};
		5166C8D51FD5F1AF00DBAD77 /* Release */ = {
			isa = XCBuildConfiguration;
			buildSettings = {
				ASSETCATALOG_COMPILER_APPICON_NAME = AppIcon;
				CODE_SIGN_STYLE = Automatic;
				INFOPLIST_FILE = ArrayProject/Info.plist;
				LD_RUNPATH_SEARCH_PATHS = "$(inherited) @executable_path/Frameworks";
				PRODUCT_BUNDLE_IDENTIFIER = ben.myers.ArrayProject;
				PRODUCT_NAME = "$(TARGET_NAME)";
				TARGETED_DEVICE_FAMILY = "1,2";
			};
			name = Release;
		};
		5166C8D71FD5F1AF00DBAD77 /* Debug */ = {
			isa = XCBuildConfiguration;
			buildSettings = {
				BUNDLE_LOADER = "$(TEST_HOST)";
				CODE_SIGN_STYLE = Automatic;
				INFOPLIST_FILE = ArrayProjectTests/Info.plist;
				LD_RUNPATH_SEARCH_PATHS = "$(inherited) @executable_path/Frameworks @loader_path/Frameworks";
				PRODUCT_BUNDLE_IDENTIFIER = ben.myers.ArrayProjectTests;
				PRODUCT_NAME = "$(TARGET_NAME)";
				TARGETED_DEVICE_FAMILY = "1,2";
				TEST_HOST = "$(BUILT_PRODUCTS_DIR)/ArrayProject.app/ArrayProject";
			};
			name = Debug;
		};
		5166C8D81FD5F1AF00DBAD77 /* Release */ = {
			isa = XCBuildConfiguration;
			buildSettings = {
				BUNDLE_LOADER = "$(TEST_HOST)";
				CODE_SIGN_STYLE = Automatic;
				INFOPLIST_FILE = ArrayProjectTests/Info.plist;
				LD_RUNPATH_SEARCH_PATHS = "$(inherited) @executable_path/Frameworks @loader_path/Frameworks";
				PRODUCT_BUNDLE_IDENTIFIER = ben.myers.ArrayProjectTests;
				PRODUCT_NAME = "$(TARGET_NAME)";
				TARGETED_DEVICE_FAMILY = "1,2";
				TEST_HOST = "$(BUILT_PRODUCTS_DIR)/ArrayProject.app/ArrayProject";
			};
			name = Release;
		};
		5166C8DA1FD5F1AF00DBAD77 /* Debug */ = {
			isa = XCBuildConfiguration;
			buildSettings = {
				CODE_SIGN_STYLE = Automatic;
				INFOPLIST_FILE = ArrayProjectUITests/Info.plist;
				LD_RUNPATH_SEARCH_PATHS = "$(inherited) @executable_path/Frameworks @loader_path/Frameworks";
				PRODUCT_BUNDLE_IDENTIFIER = ben.myers.ArrayProjectUITests;
				PRODUCT_NAME = "$(TARGET_NAME)";
				TARGETED_DEVICE_FAMILY = "1,2";
				TEST_TARGET_NAME = ArrayProject;
			};
			name = Debug;
		};
		5166C8DB1FD5F1AF00DBAD77 /* Release */ = {
			isa = XCBuildConfiguration;
			buildSettings = {
				CODE_SIGN_STYLE = Automatic;
				INFOPLIST_FILE = ArrayProjectUITests/Info.plist;
				LD_RUNPATH_SEARCH_PATHS = "$(inherited) @executable_path/Frameworks @loader_path/Frameworks";
				PRODUCT_BUNDLE_IDENTIFIER = ben.myers.ArrayProjectUITests;
				PRODUCT_NAME = "$(TARGET_NAME)";
				TARGETED_DEVICE_FAMILY = "1,2";
				TEST_TARGET_NAME = ArrayProject;
			};
			name = Release;
		};
/* End XCBuildConfiguration section */

/* Begin XCConfigurationList section */
		5166C8A21FD5F1AF00DBAD77 /* Build configuration list for PBXProject "ArrayProject" */ = {
			isa = XCConfigurationList;
			buildConfigurations = (
				5166C8D11FD5F1AF00DBAD77 /* Debug */,
				5166C8D21FD5F1AF00DBAD77 /* Release */,
			);
			defaultConfigurationIsVisible = 0;
			defaultConfigurationName = Release;
		};
		5166C8D31FD5F1AF00DBAD77 /* Build configuration list for PBXNativeTarget "ArrayProject" */ = {
			isa = XCConfigurationList;
			buildConfigurations = (
				5166C8D41FD5F1AF00DBAD77 /* Debug */,
				5166C8D51FD5F1AF00DBAD77 /* Release */,
			);
			defaultConfigurationIsVisible = 0;
			defaultConfigurationName = Release;
		};
		5166C8D61FD5F1AF00DBAD77 /* Build configuration list for PBXNativeTarget "ArrayProjectTests" */ = {
			isa = XCConfigurationList;
			buildConfigurations = (
				5166C8D71FD5F1AF00DBAD77 /* Debug */,
				5166C8D81FD5F1AF00DBAD77 /* Release */,
			);
			defaultConfigurationIsVisible = 0;
			defaultConfigurationName = Release;
		};
		5166C8D91FD5F1AF00DBAD77 /* Build configuration list for PBXNativeTarget "ArrayProjectUITests" */ = {
			isa = XCConfigurationList;
			buildConfigurations = (
				5166C8DA1FD5F1AF00DBAD77 /* Debug */,
				5166C8DB1FD5F1AF00DBAD77 /* Release */,
			);
			defaultConfigurationIsVisible = 0;
			defaultConfigurationName = Release;
		};
/* End XCConfigurationList section */
	};
	rootObject = 5166C89F1FD5F1AF00DBAD77 /* Project object */;
}
